// !$*UTF8*$!
{
	archiveVersion = 1;
	classes = {
	};
	objectVersion = 48;
	objects = {

/* Begin PBXBuildFile section */
		6329B1762079B93600178235 /* GameScene.swift in Sources */ = {isa = PBXBuildFile; fileRef = 6329B1752079B93600178235 /* GameScene.swift */; };
		6329B1782079B93600178235 /* GameViewController.swift in Sources */ = {isa = PBXBuildFile; fileRef = 6329B1772079B93600178235 /* GameViewController.swift */; };
		6329B18F2079B9D200178235 /* Assets.xcassets in Resources */ = {isa = PBXBuildFile; fileRef = 6329B1882079B9D200178235 /* Assets.xcassets */; };
		6329B1902079B9D200178235 /* LaunchScreen.storyboard in Resources */ = {isa = PBXBuildFile; fileRef = 6329B1892079B9D200178235 /* LaunchScreen.storyboard */; };
		6329B1912079B9D200178235 /* Main.storyboard in Resources */ = {isa = PBXBuildFile; fileRef = 6329B18B2079B9D200178235 /* Main.storyboard */; };
		6329B1922079B9D200178235 /* AppDelegate.swift in Sources */ = {isa = PBXBuildFile; fileRef = 6329B18D2079B9D200178235 /* AppDelegate.swift */; };
		6329B1972079B9E700178235 /* GameScene.sks in Resources */ = {isa = PBXBuildFile; fileRef = 6329B1952079B9E700178235 /* GameScene.sks */; };
		6329B1A22079BB4D00178235 /* Game.xcassets in Resources */ = {isa = PBXBuildFile; fileRef = 6329B1A12079BB4D00178235 /* Game.xcassets */; };
		6329B1A52079BFA100178235 /* CGFloat+Extensions.swift in Sources */ = {isa = PBXBuildFile; fileRef = 6329B1A42079BFA100178235 /* CGFloat+Extensions.swift */; };
		6329B1A72079C0E700178235 /* Settings.swift in Sources */ = {isa = PBXBuildFile; fileRef = 6329B1A62079C0E700178235 /* Settings.swift */; };
		6329B1A92079C11700178235 /* gomarice_okuba_cloud.ttf in Resources */ = {isa = PBXBuildFile; fileRef = 6329B1A82079C11700178235 /* gomarice_okuba_cloud.ttf */; };
		632E34AD2362031F00DF0957 /* WinDialog.sks in Resources */ = {isa = PBXBuildFile; fileRef = 632E34AC2362031F00DF0957 /* WinDialog.sks */; };
		632E34AF23620BBA00DF0957 /* star.png in Resources */ = {isa = PBXBuildFile; fileRef = 632E34AE23620BBA00DF0957 /* star.png */; };
		632E34B123620D0F00DF0957 /* WinDialog.swift in Sources */ = {isa = PBXBuildFile; fileRef = 632E34B023620D0F00DF0957 /* WinDialog.swift */; };
		632E34B323623E7400DF0957 /* SpinWheel2.sks in Resources */ = {isa = PBXBuildFile; fileRef = 632E34B223623E7400DF0957 /* SpinWheel2.sks */; };
		632E34B7236660BD00DF0957 /* Prizes2.plist in Resources */ = {isa = PBXBuildFile; fileRef = 632E34B6236660BD00DF0957 /* Prizes2.plist */; };
		632E34B92366623400DF0957 /* Prizes.plist in Resources */ = {isa = PBXBuildFile; fileRef = 632E34B82366623400DF0957 /* Prizes.plist */; };
		632E34BB2366631400DF0957 /* Plist.swift in Sources */ = {isa = PBXBuildFile; fileRef = 632E34BA2366631400DF0957 /* Plist.swift */; };
		632E34BD23666BB900DF0957 /* Prizes.swift in Sources */ = {isa = PBXBuildFile; fileRef = 632E34BC23666BB900DF0957 /* Prizes.swift */; };
		632E34BF2366797900DF0957 /* SpinWheel3.sks in Resources */ = {isa = PBXBuildFile; fileRef = 632E34BE2366797900DF0957 /* SpinWheel3.sks */; };
		632E34C12367596A00DF0957 /* Prizes3.plist in Resources */ = {isa = PBXBuildFile; fileRef = 632E34C02367596A00DF0957 /* Prizes3.plist */; };
		63350B0F235E332C00F5E524 /* CGPoint+Extensions.swift in Sources */ = {isa = PBXBuildFile; fileRef = 63350B0E235E332C00F5E524 /* CGPoint+Extensions.swift */; };
		633823D62358ED7700F404D8 /* SKReferenceNode+Extensions.swift in Sources */ = {isa = PBXBuildFile; fileRef = 633823D52358ED7700F404D8 /* SKReferenceNode+Extensions.swift */; };
		6380A216236B224E00E523E1 /* Assets.xcassets in Resources */ = {isa = PBXBuildFile; fileRef = 6380A215236B224E00E523E1 /* Assets.xcassets */; };
		6380A218236B32CE00E523E1 /* SpinWheel4.sks in Resources */ = {isa = PBXBuildFile; fileRef = 6380A217236B32CD00E523E1 /* SpinWheel4.sks */; };
		6380A21A236B353200E523E1 /* Prizes4.plist in Resources */ = {isa = PBXBuildFile; fileRef = 6380A219236B353200E523E1 /* Prizes4.plist */; };
		6380A221236CB83A00E523E1 /* README.md in Resources */ = {isa = PBXBuildFile; fileRef = 6380A21F236CB83A00E523E1 /* README.md */; };
		6380A222236CB83A00E523E1 /* LICENSE in Resources */ = {isa = PBXBuildFile; fileRef = 6380A220236CB83A00E523E1 /* LICENSE */; };
		63AC843923600716005922C5 /* small_dot.png in Resources */ = {isa = PBXBuildFile; fileRef = 63AC843823600716005922C5 /* small_dot.png */; };
		63AC843C2360072E005922C5 /* Spinning.sks in Resources */ = {isa = PBXBuildFile; fileRef = 63AC843A2360072E005922C5 /* Spinning.sks */; };
		63AC843D2360072E005922C5 /* Assets.xcassets in Resources */ = {isa = PBXBuildFile; fileRef = 63AC843B2360072E005922C5 /* Assets.xcassets */; };
		63AC843F2360B69C005922C5 /* streak.png in Resources */ = {isa = PBXBuildFile; fileRef = 63AC843E2360B69C005922C5 /* streak.png */; };
		63E5DF4922EF405000AD81DE /* PushButton.swift in Sources */ = {isa = PBXBuildFile; fileRef = 63E5DF4822EF405000AD81DE /* PushButton.swift */; };
		63E5DF4C22EF414000AD81DE /* SparkleBlast.sks in Resources */ = {isa = PBXBuildFile; fileRef = 63E5DF4A22EF414000AD81DE /* SparkleBlast.sks */; };
		63E5DF4D22EF414000AD81DE /* sparkle.png in Resources */ = {isa = PBXBuildFile; fileRef = 63E5DF4B22EF414000AD81DE /* sparkle.png */; };
		63E5DF5222EF415600AD81DE /* error.aac in Resources */ = {isa = PBXBuildFile; fileRef = 63E5DF4E22EF415600AD81DE /* error.aac */; };
		63E5DF5322EF415600AD81DE /* bubble_pop.aac in Resources */ = {isa = PBXBuildFile; fileRef = 63E5DF4F22EF415600AD81DE /* bubble_pop.aac */; };
		63E5DF5422EF415600AD81DE /* woosh.aac in Resources */ = {isa = PBXBuildFile; fileRef = 63E5DF5022EF415600AD81DE /* woosh.aac */; };
		63E5DF5522EF415600AD81DE /* victory.aac in Resources */ = {isa = PBXBuildFile; fileRef = 63E5DF5122EF415600AD81DE /* victory.aac */; };
		63E5DF5722EF419900AD81DE /* Context Rounded Black SSi Black.ttf in Resources */ = {isa = PBXBuildFile; fileRef = 63E5DF5622EF419900AD81DE /* Context Rounded Black SSi Black.ttf */; };
		63E5DF5922EF443E00AD81DE /* SpinWheel.sks in Resources */ = {isa = PBXBuildFile; fileRef = 63E5DF5822EF443E00AD81DE /* SpinWheel.sks */; };
		63E5DF5B22EF446400AD81DE /* SpinWheel.swift in Sources */ = {isa = PBXBuildFile; fileRef = 63E5DF5A22EF446400AD81DE /* SpinWheel.swift */; };
/* End PBXBuildFile section */

/* Begin PBXFileReference section */
		6329B16C2079B93600178235 /* SpinWheel.app */ = {isa = PBXFileReference; explicitFileType = wrapper.application; includeInIndex = 0; path = SpinWheel.app; sourceTree = BUILT_PRODUCTS_DIR; };
		6329B1752079B93600178235 /* GameScene.swift */ = {isa = PBXFileReference; lastKnownFileType = sourcecode.swift; path = GameScene.swift; sourceTree = "<group>"; };
		6329B1772079B93600178235 /* GameViewController.swift */ = {isa = PBXFileReference; lastKnownFileType = sourcecode.swift; path = GameViewController.swift; sourceTree = "<group>"; };
		6329B1882079B9D200178235 /* Assets.xcassets */ = {isa = PBXFileReference; lastKnownFileType = folder.assetcatalog; path = Assets.xcassets; sourceTree = "<group>"; };
		6329B18A2079B9D200178235 /* Base */ = {isa = PBXFileReference; lastKnownFileType = file.storyboard; name = Base; path = Base.lproj/LaunchScreen.storyboard; sourceTree = "<group>"; };
		6329B18C2079B9D200178235 /* Base */ = {isa = PBXFileReference; lastKnownFileType = file.storyboard; name = Base; path = Base.lproj/Main.storyboard; sourceTree = "<group>"; };
		6329B18D2079B9D200178235 /* AppDelegate.swift */ = {isa = PBXFileReference; fileEncoding = 4; lastKnownFileType = sourcecode.swift; path = AppDelegate.swift; sourceTree = "<group>"; };
		6329B18E2079B9D200178235 /* Info.plist */ = {isa = PBXFileReference; fileEncoding = 4; lastKnownFileType = text.plist.xml; path = Info.plist; sourceTree = "<group>"; };
		6329B1952079B9E700178235 /* GameScene.sks */ = {isa = PBXFileReference; lastKnownFileType = file.sks; path = GameScene.sks; sourceTree = "<group>"; };
		6329B1A12079BB4D00178235 /* Game.xcassets */ = {isa = PBXFileReference; lastKnownFileType = folder.assetcatalog; path = Game.xcassets; sourceTree = "<group>"; };
		6329B1A42079BFA100178235 /* CGFloat+Extensions.swift */ = {isa = PBXFileReference; fileEncoding = 4; lastKnownFileType = sourcecode.swift; path = "CGFloat+Extensions.swift"; sourceTree = "<group>"; };
		6329B1A62079C0E700178235 /* Settings.swift */ = {isa = PBXFileReference; lastKnownFileType = sourcecode.swift; path = Settings.swift; sourceTree = "<group>"; };
		6329B1A82079C11700178235 /* gomarice_okuba_cloud.ttf */ = {isa = PBXFileReference; lastKnownFileType = file; path = gomarice_okuba_cloud.ttf; sourceTree = "<group>"; };
		632E34AC2362031F00DF0957 /* WinDialog.sks */ = {isa = PBXFileReference; lastKnownFileType = file.sks; path = WinDialog.sks; sourceTree = "<group>"; };
		632E34AE23620BBA00DF0957 /* star.png */ = {isa = PBXFileReference; lastKnownFileType = image.png; path = star.png; sourceTree = "<group>"; };
		632E34B023620D0F00DF0957 /* WinDialog.swift */ = {isa = PBXFileReference; lastKnownFileType = sourcecode.swift; path = WinDialog.swift; sourceTree = "<group>"; };
		632E34B223623E7400DF0957 /* SpinWheel2.sks */ = {isa = PBXFileReference; lastKnownFileType = file.sks; path = SpinWheel2.sks; sourceTree = "<group>"; };
		632E34B6236660BD00DF0957 /* Prizes2.plist */ = {isa = PBXFileReference; lastKnownFileType = text.plist.xml; path = Prizes2.plist; sourceTree = "<group>"; };
		632E34B82366623400DF0957 /* Prizes.plist */ = {isa = PBXFileReference; fileEncoding = 4; lastKnownFileType = text.plist.xml; path = Prizes.plist; sourceTree = "<group>"; };
		632E34BA2366631400DF0957 /* Plist.swift */ = {isa = PBXFileReference; fileEncoding = 4; lastKnownFileType = sourcecode.swift; path = Plist.swift; sourceTree = "<group>"; };
		632E34BC23666BB900DF0957 /* Prizes.swift */ = {isa = PBXFileReference; lastKnownFileType = sourcecode.swift; path = Prizes.swift; sourceTree = "<group>"; };
		632E34BE2366797900DF0957 /* SpinWheel3.sks */ = {isa = PBXFileReference; lastKnownFileType = file.sks; path = SpinWheel3.sks; sourceTree = "<group>"; };
		632E34C02367596A00DF0957 /* Prizes3.plist */ = {isa = PBXFileReference; fileEncoding = 4; lastKnownFileType = text.plist.xml; path = Prizes3.plist; sourceTree = "<group>"; };
		63350B0E235E332C00F5E524 /* CGPoint+Extensions.swift */ = {isa = PBXFileReference; fileEncoding = 4; lastKnownFileType = sourcecode.swift; path = "CGPoint+Extensions.swift"; sourceTree = "<group>"; };
		633823D52358ED7700F404D8 /* SKReferenceNode+Extensions.swift */ = {isa = PBXFileReference; fileEncoding = 4; lastKnownFileType = sourcecode.swift; path = "SKReferenceNode+Extensions.swift"; sourceTree = "<group>"; };
		6380A215236B224E00E523E1 /* Assets.xcassets */ = {isa = PBXFileReference; lastKnownFileType = folder.assetcatalog; path = Assets.xcassets; sourceTree = "<group>"; };
		6380A217236B32CD00E523E1 /* SpinWheel4.sks */ = {isa = PBXFileReference; lastKnownFileType = file.sks; path = SpinWheel4.sks; sourceTree = "<group>"; };
		6380A219236B353200E523E1 /* Prizes4.plist */ = {isa = PBXFileReference; fileEncoding = 4; lastKnownFileType = text.plist.xml; path = Prizes4.plist; sourceTree = "<group>"; };
		6380A21F236CB83A00E523E1 /* README.md */ = {isa = PBXFileReference; fileEncoding = 4; lastKnownFileType = net.daringfireball.markdown; path = README.md; sourceTree = "<group>"; };
		6380A220236CB83A00E523E1 /* LICENSE */ = {isa = PBXFileReference; fileEncoding = 4; lastKnownFileType = text; path = LICENSE; sourceTree = "<group>"; };
		63AC843823600716005922C5 /* small_dot.png */ = {isa = PBXFileReference; lastKnownFileType = image.png; path = small_dot.png; sourceTree = "<group>"; };
		63AC843A2360072E005922C5 /* Spinning.sks */ = {isa = PBXFileReference; lastKnownFileType = file.sks; path = Spinning.sks; sourceTree = "<group>"; };
		63AC843B2360072E005922C5 /* Assets.xcassets */ = {isa = PBXFileReference; lastKnownFileType = folder.assetcatalog; path = Assets.xcassets; sourceTree = "<group>"; };
		63AC843E2360B69C005922C5 /* streak.png */ = {isa = PBXFileReference; lastKnownFileType = image.png; path = streak.png; sourceTree = "<group>"; };
		63E5DF4822EF405000AD81DE /* PushButton.swift */ = {isa = PBXFileReference; fileEncoding = 4; lastKnownFileType = sourcecode.swift; name = PushButton.swift; path = "../../../../Downloads/SpinWheel-master/SpinWheel/Utils/PushButton.swift"; sourceTree = "<group>"; };
		63E5DF4A22EF414000AD81DE /* SparkleBlast.sks */ = {isa = PBXFileReference; lastKnownFileType = file.sks; name = SparkleBlast.sks; path = "../../../../../Downloads/SpinWheel-master/SpinWheel/Resources/Particles/SparkleBlast.sks"; sourceTree = "<group>"; };
		63E5DF4B22EF414000AD81DE /* sparkle.png */ = {isa = PBXFileReference; lastKnownFileType = image.png; name = sparkle.png; path = "../../../../../Downloads/SpinWheel-master/SpinWheel/Resources/Particles/sparkle.png"; sourceTree = "<group>"; };
		63E5DF4E22EF415600AD81DE /* error.aac */ = {isa = PBXFileReference; lastKnownFileType = file; name = error.aac; path = "../../../../../Downloads/SpinWheel-master/SpinWheel/Resources/Sounds/error.aac"; sourceTree = "<group>"; };
		63E5DF4F22EF415600AD81DE /* bubble_pop.aac */ = {isa = PBXFileReference; lastKnownFileType = file; name = bubble_pop.aac; path = "../../../../../Downloads/SpinWheel-master/SpinWheel/Resources/Sounds/bubble_pop.aac"; sourceTree = "<group>"; };
		63E5DF5022EF415600AD81DE /* woosh.aac */ = {isa = PBXFileReference; lastKnownFileType = file; name = woosh.aac; path = "../../../../../Downloads/SpinWheel-master/SpinWheel/Resources/Sounds/woosh.aac"; sourceTree = "<group>"; };
		63E5DF5122EF415600AD81DE /* victory.aac */ = {isa = PBXFileReference; lastKnownFileType = file; name = victory.aac; path = "../../../../../Downloads/SpinWheel-master/SpinWheel/Resources/Sounds/victory.aac"; sourceTree = "<group>"; };
		63E5DF5622EF419900AD81DE /* Context Rounded Black SSi Black.ttf */ = {isa = PBXFileReference; lastKnownFileType = file; name = "Context Rounded Black SSi Black.ttf"; path = "../../../../../Downloads/SpinWheel-master/SpinWheel/Resources/Fonts/Context Rounded Black SSi Black.ttf"; sourceTree = "<group>"; };
		63E5DF5822EF443E00AD81DE /* SpinWheel.sks */ = {isa = PBXFileReference; lastKnownFileType = file.sks; path = SpinWheel.sks; sourceTree = "<group>"; };
		63E5DF5A22EF446400AD81DE /* SpinWheel.swift */ = {isa = PBXFileReference; fileEncoding = 4; lastKnownFileType = sourcecode.swift; path = SpinWheel.swift; sourceTree = "<group>"; };
/* End PBXFileReference section */

/* Begin PBXFrameworksBuildPhase section */
		6329B1692079B93600178235 /* Frameworks */ = {
			isa = PBXFrameworksBuildPhase;
			buildActionMask = 2147483647;
			files = (
			);
			runOnlyForDeploymentPostprocessing = 0;
		};
/* End PBXFrameworksBuildPhase section */

/* Begin PBXGroup section */
		6329B1632079B93600178235 = {
			isa = PBXGroup;
			children = (
				6329B16E2079B93600178235 /* SpinWheel */,
				6329B16D2079B93600178235 /* Products */,
			);
			sourceTree = "<group>";
		};
		6329B16D2079B93600178235 /* Products */ = {
			isa = PBXGroup;
			children = (
				6329B16C2079B93600178235 /* SpinWheel.app */,
			);
			name = Products;
			sourceTree = "<group>";
		};
		6329B16E2079B93600178235 /* SpinWheel */ = {
			isa = PBXGroup;
			children = (
				6380A220236CB83A00E523E1 /* LICENSE */,
				6380A21F236CB83A00E523E1 /* README.md */,
				6329B1992079BA0100178235 /* Resources */,
				6329B1A32079BFA100178235 /* Utils */,
				6329B19D2079BA7D00178235 /* Objects */,
				6329B1942079B9E700178235 /* Scenes */,
				6329B1752079B93600178235 /* GameScene.swift */,
				6329B1772079B93600178235 /* GameViewController.swift */,
				6329B1872079B9D200178235 /* Supporting Files */,
			);
			path = SpinWheel;
			sourceTree = "<group>";
		};
		6329B1872079B9D200178235 /* Supporting Files */ = {
			isa = PBXGroup;
			children = (
				6329B1882079B9D200178235 /* Assets.xcassets */,
				6329B1892079B9D200178235 /* LaunchScreen.storyboard */,
				6329B18B2079B9D200178235 /* Main.storyboard */,
				6329B18D2079B9D200178235 /* AppDelegate.swift */,
				6329B18E2079B9D200178235 /* Info.plist */,
			);
			path = "Supporting Files";
			sourceTree = "<group>";
		};
		6329B1942079B9E700178235 /* Scenes */ = {
			isa = PBXGroup;
			children = (
				6329B1952079B9E700178235 /* GameScene.sks */,
			);
			path = Scenes;
			sourceTree = "<group>";
		};
		6329B1992079BA0100178235 /* Resources */ = {
			isa = PBXGroup;
			children = (
				6329B19A2079BA0100178235 /* Particles */,
				6329B19B2079BA0100178235 /* Sounds */,
				6329B19C2079BA0100178235 /* Fonts */,
				6380A215236B224E00E523E1 /* Assets.xcassets */,
				6329B1A12079BB4D00178235 /* Game.xcassets */,
				632E34B82366623400DF0957 /* Prizes.plist */,
				632E34B6236660BD00DF0957 /* Prizes2.plist */,
				632E34C02367596A00DF0957 /* Prizes3.plist */,
				6380A219236B353200E523E1 /* Prizes4.plist */,
			);
			path = Resources;
			sourceTree = "<group>";
		};
		6329B19A2079BA0100178235 /* Particles */ = {
			isa = PBXGroup;
			children = (
				63AC843E2360B69C005922C5 /* streak.png */,
				632E34AE23620BBA00DF0957 /* star.png */,
				63AC843823600716005922C5 /* small_dot.png */,
				63E5DF4B22EF414000AD81DE /* sparkle.png */,
				63E5DF4A22EF414000AD81DE /* SparkleBlast.sks */,
				63AC843A2360072E005922C5 /* Spinning.sks */,
				63AC843B2360072E005922C5 /* Assets.xcassets */,
			);
			path = Particles;
			sourceTree = "<group>";
		};
		6329B19B2079BA0100178235 /* Sounds */ = {
			isa = PBXGroup;
			children = (
				63E5DF4F22EF415600AD81DE /* bubble_pop.aac */,
				63E5DF4E22EF415600AD81DE /* error.aac */,
				63E5DF5122EF415600AD81DE /* victory.aac */,
				63E5DF5022EF415600AD81DE /* woosh.aac */,
			);
			path = Sounds;
			sourceTree = "<group>";
		};
		6329B19C2079BA0100178235 /* Fonts */ = {
			isa = PBXGroup;
			children = (
				63E5DF5622EF419900AD81DE /* Context Rounded Black SSi Black.ttf */,
				6329B1A82079C11700178235 /* gomarice_okuba_cloud.ttf */,
			);
			path = Fonts;
			sourceTree = "<group>";
		};
		6329B19D2079BA7D00178235 /* Objects */ = {
			isa = PBXGroup;
			children = (
				6329B19E2079BA7D00178235 /* Scenes */,
				63E5DF5A22EF446400AD81DE /* SpinWheel.swift */,
				632E34B023620D0F00DF0957 /* WinDialog.swift */,
				632E34BC23666BB900DF0957 /* Prizes.swift */,
			);
			path = Objects;
			sourceTree = "<group>";
		};
		6329B19E2079BA7D00178235 /* Scenes */ = {
			isa = PBXGroup;
			children = (
				63E5DF5822EF443E00AD81DE /* SpinWheel.sks */,
				632E34B223623E7400DF0957 /* SpinWheel2.sks */,
				632E34BE2366797900DF0957 /* SpinWheel3.sks */,
				6380A217236B32CD00E523E1 /* SpinWheel4.sks */,
				632E34AC2362031F00DF0957 /* WinDialog.sks */,
			);
			path = Scenes;
			sourceTree = "<group>";
		};
		6329B1A32079BFA100178235 /* Utils */ = {
			isa = PBXGroup;
			children = (
				63350B0E235E332C00F5E524 /* CGPoint+Extensions.swift */,
				633823D52358ED7700F404D8 /* SKReferenceNode+Extensions.swift */,
				6329B1A42079BFA100178235 /* CGFloat+Extensions.swift */,
				63E5DF4822EF405000AD81DE /* PushButton.swift */,
				632E34BA2366631400DF0957 /* Plist.swift */,
				6329B1A62079C0E700178235 /* Settings.swift */,
			);
			path = Utils;
			sourceTree = "<group>";
		};
/* End PBXGroup section */

/* Begin PBXNativeTarget section */
		6329B16B2079B93600178235 /* SpinWheel */ = {
			isa = PBXNativeTarget;
			buildConfigurationList = 6329B1842079B93600178235 /* Build configuration list for PBXNativeTarget "SpinWheel" */;
			buildPhases = (
				6329B1682079B93600178235 /* Sources */,
				6329B1692079B93600178235 /* Frameworks */,
				6329B16A2079B93600178235 /* Resources */,
			);
			buildRules = (
			);
			dependencies = (
			);
			name = SpinWheel;
			productName = SpinWheel;
			productReference = 6329B16C2079B93600178235 /* SpinWheel.app */;
			productType = "com.apple.product-type.application";
		};
/* End PBXNativeTarget section */

/* Begin PBXProject section */
		6329B1642079B93600178235 /* Project object */ = {
			isa = PBXProject;
			attributes = {
				LastSwiftUpdateCheck = 0920;
				LastUpgradeCheck = 0920;
				ORGANIZATIONNAME = "Orange Think Box";
				TargetAttributes = {
					6329B16B2079B93600178235 = {
						CreatedOnToolsVersion = 9.2;
						ProvisioningStyle = Automatic;
					};
				};
			};
			buildConfigurationList = 6329B1672079B93600178235 /* Build configuration list for PBXProject "SpinWheel" */;
			compatibilityVersion = "Xcode 8.0";
			developmentRegion = en;
			hasScannedForEncodings = 0;
			knownRegions = (
				en,
				Base,
			);
			mainGroup = 6329B1632079B93600178235;
			productRefGroup = 6329B16D2079B93600178235 /* Products */;
			projectDirPath = "";
			projectRoot = "";
			targets = (
				6329B16B2079B93600178235 /* SpinWheel */,
			);
		};
/* End PBXProject section */

/* Begin PBXResourcesBuildPhase section */
		6329B16A2079B93600178235 /* Resources */ = {
			isa = PBXResourcesBuildPhase;
			buildActionMask = 2147483647;
			files = (
				63E5DF4D22EF414000AD81DE /* sparkle.png in Resources */,
				632E34B7236660BD00DF0957 /* Prizes2.plist in Resources */,
				632E34AF23620BBA00DF0957 /* star.png in Resources */,
				63AC843F2360B69C005922C5 /* streak.png in Resources */,
				632E34C12367596A00DF0957 /* Prizes3.plist in Resources */,
				63AC843C2360072E005922C5 /* Spinning.sks in Resources */,
				6380A216236B224E00E523E1 /* Assets.xcassets in Resources */,
				63AC843923600716005922C5 /* small_dot.png in Resources */,
				6380A21A236B353200E523E1 /* Prizes4.plist in Resources */,
				63E5DF5922EF443E00AD81DE /* SpinWheel.sks in Resources */,
				6329B1A92079C11700178235 /* gomarice_okuba_cloud.ttf in Resources */,
				63E5DF5522EF415600AD81DE /* victory.aac in Resources */,
				63AC843D2360072E005922C5 /* Assets.xcassets in Resources */,
				6380A221236CB83A00E523E1 /* README.md in Resources */,
				6329B1912079B9D200178235 /* Main.storyboard in Resources */,
				6380A218236B32CE00E523E1 /* SpinWheel4.sks in Resources */,
				63E5DF5722EF419900AD81DE /* Context Rounded Black SSi Black.ttf in Resources */,
				6329B1972079B9E700178235 /* GameScene.sks in Resources */,
				632E34B323623E7400DF0957 /* SpinWheel2.sks in Resources */,
				63E5DF4C22EF414000AD81DE /* SparkleBlast.sks in Resources */,
				63E5DF5222EF415600AD81DE /* error.aac in Resources */,
				6329B1902079B9D200178235 /* LaunchScreen.storyboard in Resources */,
				632E34AD2362031F00DF0957 /* WinDialog.sks in Resources */,
				632E34B92366623400DF0957 /* Prizes.plist in Resources */,
				6380A222236CB83A00E523E1 /* LICENSE in Resources */,
				63E5DF5322EF415600AD81DE /* bubble_pop.aac in Resources */,
				6329B18F2079B9D200178235 /* Assets.xcassets in Resources */,
				6329B1A22079BB4D00178235 /* Game.xcassets in Resources */,
				63E5DF5422EF415600AD81DE /* woosh.aac in Resources */,
				632E34BF2366797900DF0957 /* SpinWheel3.sks in Resources */,
			);
			runOnlyForDeploymentPostprocessing = 0;
		};
/* End PBXResourcesBuildPhase section */

/* Begin PBXSourcesBuildPhase section */
		6329B1682079B93600178235 /* Sources */ = {
			isa = PBXSourcesBuildPhase;
			buildActionMask = 2147483647;
			files = (
				63E5DF4922EF405000AD81DE /* PushButton.swift in Sources */,
				633823D62358ED7700F404D8 /* SKReferenceNode+Extensions.swift in Sources */,
				632E34B123620D0F00DF0957 /* WinDialog.swift in Sources */,
				63E5DF5B22EF446400AD81DE /* SpinWheel.swift in Sources */,
				6329B1A72079C0E700178235 /* Settings.swift in Sources */,
				6329B1922079B9D200178235 /* AppDelegate.swift in Sources */,
				632E34BD23666BB900DF0957 /* Prizes.swift in Sources */,
				63350B0F235E332C00F5E524 /* CGPoint+Extensions.swift in Sources */,
				6329B1A52079BFA100178235 /* CGFloat+Extensions.swift in Sources */,
				6329B1762079B93600178235 /* GameScene.swift in Sources */,
				632E34BB2366631400DF0957 /* Plist.swift in Sources */,
				6329B1782079B93600178235 /* GameViewController.swift in Sources */,
			);
			runOnlyForDeploymentPostprocessing = 0;
		};
/* End PBXSourcesBuildPhase section */

/* Begin PBXVariantGroup section */
		6329B1892079B9D200178235 /* LaunchScreen.storyboard */ = {
			isa = PBXVariantGroup;
			children = (
				6329B18A2079B9D200178235 /* Base */,
			);
			name = LaunchScreen.storyboard;
			sourceTree = "<group>";
		};
		6329B18B2079B9D200178235 /* Main.storyboard */ = {
			isa = PBXVariantGroup;
			children = (
				6329B18C2079B9D200178235 /* Base */,
			);
			name = Main.storyboard;
			sourceTree = "<group>";
		};
/* End PBXVariantGroup section */

/* Begin XCBuildConfiguration section */
		6329B1822079B93600178235 /* Debug */ = {
			isa = XCBuildConfiguration;
			buildSettings = {
				ALWAYS_SEARCH_USER_PATHS = NO;
				CLANG_ANALYZER_NONNULL = YES;
				CLANG_ANALYZER_NUMBER_OBJECT_CONVERSION = YES_AGGRESSIVE;
				CLANG_CXX_LANGUAGE_STANDARD = "gnu++14";
				CLANG_CXX_LIBRARY = "libc++";
				CLANG_ENABLE_MODULES = YES;
				CLANG_ENABLE_OBJC_ARC = YES;
				CLANG_WARN_BLOCK_CAPTURE_AUTORELEASING = YES;
				CLANG_WARN_BOOL_CONVERSION = YES;
				CLANG_WARN_COMMA = YES;
				CLANG_WARN_CONSTANT_CONVERSION = YES;
				CLANG_WARN_DIRECT_OBJC_ISA_USAGE = YES_ERROR;
				CLANG_WARN_DOCUMENTATION_COMMENTS = YES;
				CLANG_WARN_EMPTY_BODY = YES;
				CLANG_WARN_ENUM_CONVERSION = YES;
				CLANG_WARN_INFINITE_RECURSION = YES;
				CLANG_WARN_INT_CONVERSION = YES;
				CLANG_WARN_NON_LITERAL_NULL_CONVERSION = YES;
				CLANG_WARN_OBJC_LITERAL_CONVERSION = YES;
				CLANG_WARN_OBJC_ROOT_CLASS = YES_ERROR;
				CLANG_WARN_RANGE_LOOP_ANALYSIS = YES;
				CLANG_WARN_STRICT_PROTOTYPES = YES;
				CLANG_WARN_SUSPICIOUS_MOVE = YES;
				CLANG_WARN_UNGUARDED_AVAILABILITY = YES_AGGRESSIVE;
				CLANG_WARN_UNREACHABLE_CODE = YES;
				CLANG_WARN__DUPLICATE_METHOD_MATCH = YES;
				CODE_SIGN_IDENTITY = "iPhone Developer";
				COPY_PHASE_STRIP = NO;
				DEBUG_INFORMATION_FORMAT = dwarf;
				ENABLE_STRICT_OBJC_MSGSEND = YES;
				ENABLE_TESTABILITY = YES;
				GCC_C_LANGUAGE_STANDARD = gnu11;
				GCC_DYNAMIC_NO_PIC = NO;
				GCC_NO_COMMON_BLOCKS = YES;
				GCC_OPTIMIZATION_LEVEL = 0;
				GCC_PREPROCESSOR_DEFINITIONS = (
					"DEBUG=1",
					"$(inherited)",
				);
				GCC_WARN_64_TO_32_BIT_CONVERSION = YES;
				GCC_WARN_ABOUT_RETURN_TYPE = YES_ERROR;
				GCC_WARN_UNDECLARED_SELECTOR = YES;
				GCC_WARN_UNINITIALIZED_AUTOS = YES_AGGRESSIVE;
				GCC_WARN_UNUSED_FUNCTION = YES;
				GCC_WARN_UNUSED_VARIABLE = YES;
				IPHONEOS_DEPLOYMENT_TARGET = 11.2;
				MTL_ENABLE_DEBUG_INFO = YES;
				ONLY_ACTIVE_ARCH = YES;
				SDKROOT = iphoneos;
				SWIFT_ACTIVE_COMPILATION_CONDITIONS = DEBUG;
				SWIFT_OPTIMIZATION_LEVEL = "-Onone";
			};
			name = Debug;
		};
		6329B1832079B93600178235 /* Release */ = {
			isa = XCBuildConfiguration;
			buildSettings = {
				ALWAYS_SEARCH_USER_PATHS = NO;
				CLANG_ANALYZER_NONNULL = YES;
				CLANG_ANALYZER_NUMBER_OBJECT_CONVERSION = YES_AGGRESSIVE;
				CLANG_CXX_LANGUAGE_STANDARD = "gnu++14";
				CLANG_CXX_LIBRARY = "libc++";
				CLANG_ENABLE_MODULES = YES;
				CLANG_ENABLE_OBJC_ARC = YES;
				CLANG_WARN_BLOCK_CAPTURE_AUTORELEASING = YES;
				CLANG_WARN_BOOL_CONVERSION = YES;
				CLANG_WARN_COMMA = YES;
				CLANG_WARN_CONSTANT_CONVERSION = YES;
				CLANG_WARN_DIRECT_OBJC_ISA_USAGE = YES_ERROR;
				CLANG_WARN_DOCUMENTATION_COMMENTS = YES;
				CLANG_WARN_EMPTY_BODY = YES;
				CLANG_WARN_ENUM_CONVERSION = YES;
				CLANG_WARN_INFINITE_RECURSION = YES;
				CLANG_WARN_INT_CONVERSION = YES;
				CLANG_WARN_NON_LITERAL_NULL_CONVERSION = YES;
				CLANG_WARN_OBJC_LITERAL_CONVERSION = YES;
				CLANG_WARN_OBJC_ROOT_CLASS = YES_ERROR;
				CLANG_WARN_RANGE_LOOP_ANALYSIS = YES;
				CLANG_WARN_STRICT_PROTOTYPES = YES;
				CLANG_WARN_SUSPICIOUS_MOVE = YES;
				CLANG_WARN_UNGUARDED_AVAILABILITY = YES_AGGRESSIVE;
				CLANG_WARN_UNREACHABLE_CODE = YES;
				CLANG_WARN__DUPLICATE_METHOD_MATCH = YES;
				CODE_SIGN_IDENTITY = "iPhone Developer";
				COPY_PHASE_STRIP = NO;
				DEBUG_INFORMATION_FORMAT = "dwarf-with-dsym";
				ENABLE_NS_ASSERTIONS = NO;
				ENABLE_STRICT_OBJC_MSGSEND = YES;
				GCC_C_LANGUAGE_STANDARD = gnu11;
				GCC_NO_COMMON_BLOCKS = YES;
				GCC_WARN_64_TO_32_BIT_CONVERSION = YES;
				GCC_WARN_ABOUT_RETURN_TYPE = YES_ERROR;
				GCC_WARN_UNDECLARED_SELECTOR = YES;
				GCC_WARN_UNINITIALIZED_AUTOS = YES_AGGRESSIVE;
				GCC_WARN_UNUSED_FUNCTION = YES;
				GCC_WARN_UNUSED_VARIABLE = YES;
				IPHONEOS_DEPLOYMENT_TARGET = 11.2;
				MTL_ENABLE_DEBUG_INFO = NO;
				SDKROOT = iphoneos;
				SWIFT_OPTIMIZATION_LEVEL = "-Owholemodule";
				VALIDATE_PRODUCT = YES;
			};
			name = Release;
		};
		6329B1852079B93600178235 /* Debug */ = {
			isa = XCBuildConfiguration;
			buildSettings = {
				ASSETCATALOG_COMPILER_APPICON_NAME = AppIcon;
				CODE_SIGN_STYLE = Automatic;
				DEVELOPMENT_TEAM = LU8XR8Y9JS;
				INFOPLIST_FILE = "$(SRCROOT)/SpinWheel/Supporting Files/Info.plist";
				LD_RUNPATH_SEARCH_PATHS = "$(inherited) @executable_path/Frameworks";
				PRODUCT_BUNDLE_IDENTIFIER = com.orangethinkbox.SpinWheel;
				PRODUCT_NAME = "$(TARGET_NAME)";
				SWIFT_VERSION = 4.0;
				TARGETED_DEVICE_FAMILY = "1,2";
			};
			name = Debug;
		};
		6329B1862079B93600178235 /* Release */ = {
			isa = XCBuildConfiguration;
			buildSettings = {
				ASSETCATALOG_COMPILER_APPICON_NAME = AppIcon;
				CODE_SIGN_STYLE = Automatic;
				DEVELOPMENT_TEAM = LU8XR8Y9JS;
				INFOPLIST_FILE = "$(SRCROOT)/SpinWheel/Supporting Files/Info.plist";
				LD_RUNPATH_SEARCH_PATHS = "$(inherited) @executable_path/Frameworks";
				PRODUCT_BUNDLE_IDENTIFIER = com.orangethinkbox.SpinWheel;
				PRODUCT_NAME = "$(TARGET_NAME)";
				SWIFT_VERSION = 4.0;
				TARGETED_DEVICE_FAMILY = "1,2";
			};
			name = Release;
		};
/* End XCBuildConfiguration section */

/* Begin XCConfigurationList section */
		6329B1672079B93600178235 /* Build configuration list for PBXProject "SpinWheel" */ = {
			isa = XCConfigurationList;
			buildConfigurations = (
				6329B1822079B93600178235 /* Debug */,
				6329B1832079B93600178235 /* Release */,
			);
			defaultConfigurationIsVisible = 0;
			defaultConfigurationName = Release;
		};
		6329B1842079B93600178235 /* Build configuration list for PBXNativeTarget "SpinWheel" */ = {
			isa = XCConfigurationList;
			buildConfigurations = (
				6329B1852079B93600178235 /* Debug */,
				6329B1862079B93600178235 /* Release */,
			);
			defaultConfigurationIsVisible = 0;
			defaultConfigurationName = Release;
		};
/* End XCConfigurationList section */
	};
	rootObject = 6329B1642079B93600178235 /* Project object */;
}
